{
  "name": "waysbooks",
  "lockfileVersion": 2,
  "requires": true,
  "packages": {
    "": {
      "dependencies": {
        "@stripe/stripe-js": "^1.32.0",
        "shopping-cart": "^1.0.4",
        "use": "^3.1.1"
      }
    },
    "node_modules/@stripe/stripe-js": {
      "version": "1.32.0",
      "resolved": "https://registry.npmjs.org/@stripe/stripe-js/-/stripe-js-1.32.0.tgz",
      "integrity": "sha512-7EvBnbBfS1aynfLRmBFcuumHNGjKxnNkO47rorFBktqDYHwo7Yw6pfDW2iqq0R8r7i7XiJEdWPvvEgQAiDrx3A=="
    },
    "node_modules/shopping-cart": {
      "version": "1.0.4",
      "resolved": "https://registry.npmjs.org/shopping-cart/-/shopping-cart-1.0.4.tgz",
      "integrity": "sha512-oTkzlP5FLu7SOkizH/vyy7ywXunzw+A20hNjQ+24e+E/6b5gZeMOTbDrLaAF2dDNLibTovXJwikxyF4ULrORIQ=="
    },
    "node_modules/use": {
      "version": "3.1.1",
      "resolved": "https://registry.npmjs.org/use/-/use-3.1.1.tgz",
      "integrity": "sha512-cwESVXlO3url9YWlFW/TA9cshCEhtu7IKJ/p5soJ/gGpj7vbvFrAY/eIioQ6Dw23KjZhYgiIo8HOs1nQ2vr/oQ==",
      "engines": {
        "node": ">=0.10.0"
      }
    }
  },
  "dependencies": {
    "@stripe/stripe-js": {
      "version": "1.32.0",
      "resolved": "https://registry.npmjs.org/@stripe/stripe-js/-/stripe-js-1.32.0.tgz",
      "integrity": "sha512-7EvBnbBfS1aynfLRmBFcuumHNGjKxnNkO47rorFBktqDYHwo7Yw6pfDW2iqq0R8r7i7XiJEdWPvvEgQAiDrx3A=="
    },
    "shopping-cart": {
      "version": "1.0.4",
      "resolved": "https://registry.npmjs.org/shopping-cart/-/shopping-cart-1.0.4.tgz",
      "integrity": "sha512-oTkzlP5FLu7SOkizH/vyy7ywXunzw+A20hNjQ+24e+E/6b5gZeMOTbDrLaAF2dDNLibTovXJwikxyF4ULrORIQ=="
    },
    "use": {
      "version": "3.1.1",
      "resolved": "https://registry.npmjs.org/use/-/use-3.1.1.tgz",
      "integrity": "sha512-cwESVXlO3url9YWlFW/TA9cshCEhtu7IKJ/p5soJ/gGpj7vbvFrAY/eIioQ6Dw23KjZhYgiIo8HOs1nQ2vr/oQ=="
    }
  }
}
